<?xml version="1.0" encoding="utf-8"?>
<Project ToolsVersion="4.0" xmlns="http://schemas.microsoft.com/developer/msbuild/2003">
  <ItemGroup>
    <ClInclude Include="class.h" />
    <ClInclude Include="memory.h" />
    <ClInclude Include="phpmem.h" />
    <ClInclude Include="zend_args.h" />
  </ItemGroup>
  <ItemGroup>
    <ClCompile Include="phpmem.cpp" />
  </ItemGroup>
</Project>